
Microsoft Visual Studio Solution File, Format Version 12.00
# Visual Studio Version 17
VisualStudioVersion = 17.11.35327.3
MinimumVisualStudioVersion = 10.0.40219.1
Project("{FAE04EC0-301F-11D3-BF4B-00C04F79EFBC}") = "SS03", "SS03\SS03.csproj", "{038066C0-A496-4A8F-BBD3-9B9A6AA19DD6}"
EndProject
Global
	GlobalSection(SolutionConfigurationPlatforms) = preSolution
		Debug|Any CPU = Debug|Any CPU
		Release|Any CPU = Release|Any CPU
	EndGlobalSection
	GlobalSection(ProjectConfigurationPlatforms) = postSolution
		{038066C0-A496-4A8F-BBD3-9B9A6AA19DD6}.Debug|Any CPU.ActiveCfg = Debug|Any CPU
		{038066C0-A496-4A8F-BBD3-9B9A6AA19DD6}.Debug|Any CPU.Build.0 = Debug|Any CPU
		{038066C0-A496-4A8F-BBD3-9B9A6AA19DD6}.Release|Any CPU.ActiveCfg = Release|Any CPU
		{038066C0-A496-4A8F-BBD3-9B9A6AA19DD6}.Release|Any CPU.Build.0 = Release|Any CPU
	EndGlobalSection
	GlobalSection(SolutionProperties) = preSolution
		HideSolutionNode = FALSE
	EndGlobalSection
	GlobalSection(ExtensibilityGlobals) = postSolution
		SolutionGuid = {1FC2412E-4305-41A2-B5EC-83342645F083}
	EndGlobalSection
EndGlobal
